
Microsoft Visual Studio Solution File, Format Version 12.00
# Visual Studio 15
VisualStudioVersion = 15.0.28010.2026
MinimumVisualStudioVersion = 10.0.40219.1
Project("{9A19103F-16F7-4668-BE54-9A1E7A4F7556}") = "api-gatecoin-dotnet", "api-gatecoin-dotnet\api-gatecoin-dotnet.csproj", "{55EAB370-6E89-472D-8EAB-394427D84600}"
EndProject
Project("{9A19103F-16F7-4668-BE54-9A1E7A4F7556}") = "Gatecoin.Streaming.Api", "Gatecoin.Streaming.Api\Gatecoin.Streaming.Api.csproj", "{BC08D176-3039-4BCF-ABE2-834A1B0DD304}"
EndProject
Project("{9A19103F-16F7-4668-BE54-9A1E7A4F7556}") = "Gatecoin.Streaming.Api.Client", "Gatecoin.Streaming.Api.Client\Gatecoin.Streaming.Api.Client.csproj", "{B650703F-692D-407C-BC84-832DD5D288B1}"
EndProject
Project("{9A19103F-16F7-4668-BE54-9A1E7A4F7556}") = "Gatecoin.Streaming.Common", "Gatecoin.Streaming.Common\Gatecoin.Streaming.Common.csproj", "{F20687B4-408B-4488-8A95-2C6C1341CF3A}"
EndProject
Project("{9A19103F-16F7-4668-BE54-9A1E7A4F7556}") = "Gatecoin.Streaming.Configuration", "Gatecoin.Streaming.Configuration\Gatecoin.Streaming.Configuration.csproj", "{A10EF757-6412-48F2-A6B2-3E3898CCDE24}"
EndProject
Project("{9A19103F-16F7-4668-BE54-9A1E7A4F7556}") = "Gatecoin.Streaming.Dto", "Gatecoin.Streaming.Dto\Gatecoin.Streaming.Dto.csproj", "{8D209FC0-8D05-49DA-AFCD-85AF2A73406B}"
EndProject
Global
	GlobalSection(SolutionConfigurationPlatforms) = preSolution
		Debug|Any CPU = Debug|Any CPU
		Release|Any CPU = Release|Any CPU
	EndGlobalSection
	GlobalSection(ProjectConfigurationPlatforms) = postSolution
		{55EAB370-6E89-472D-8EAB-394427D84600}.Debug|Any CPU.ActiveCfg = Debug|Any CPU
		{55EAB370-6E89-472D-8EAB-394427D84600}.Debug|Any CPU.Build.0 = Debug|Any CPU
		{55EAB370-6E89-472D-8EAB-394427D84600}.Release|Any CPU.ActiveCfg = Release|Any CPU
		{55EAB370-6E89-472D-8EAB-394427D84600}.Release|Any CPU.Build.0 = Release|Any CPU
		{BC08D176-3039-4BCF-ABE2-834A1B0DD304}.Debug|Any CPU.ActiveCfg = Debug|Any CPU
		{BC08D176-3039-4BCF-ABE2-834A1B0DD304}.Debug|Any CPU.Build.0 = Debug|Any CPU
		{BC08D176-3039-4BCF-ABE2-834A1B0DD304}.Release|Any CPU.ActiveCfg = Release|Any CPU
		{BC08D176-3039-4BCF-ABE2-834A1B0DD304}.Release|Any CPU.Build.0 = Release|Any CPU
		{B650703F-692D-407C-BC84-832DD5D288B1}.Debug|Any CPU.ActiveCfg = Debug|Any CPU
		{B650703F-692D-407C-BC84-832DD5D288B1}.Debug|Any CPU.Build.0 = Debug|Any CPU
		{B650703F-692D-407C-BC84-832DD5D288B1}.Release|Any CPU.ActiveCfg = Release|Any CPU
		{B650703F-692D-407C-BC84-832DD5D288B1}.Release|Any CPU.Build.0 = Release|Any CPU
		{F20687B4-408B-4488-8A95-2C6C1341CF3A}.Debug|Any CPU.ActiveCfg = Debug|Any CPU
		{F20687B4-408B-4488-8A95-2C6C1341CF3A}.Debug|Any CPU.Build.0 = Debug|Any CPU
		{F20687B4-408B-4488-8A95-2C6C1341CF3A}.Release|Any CPU.ActiveCfg = Release|Any CPU
		{F20687B4-408B-4488-8A95-2C6C1341CF3A}.Release|Any CPU.Build.0 = Release|Any CPU
		{A10EF757-6412-48F2-A6B2-3E3898CCDE24}.Debug|Any CPU.ActiveCfg = Debug|Any CPU
		{A10EF757-6412-48F2-A6B2-3E3898CCDE24}.Debug|Any CPU.Build.0 = Debug|Any CPU
		{A10EF757-6412-48F2-A6B2-3E3898CCDE24}.Release|Any CPU.ActiveCfg = Release|Any CPU
		{A10EF757-6412-48F2-A6B2-3E3898CCDE24}.Release|Any CPU.Build.0 = Release|Any CPU
		{8D209FC0-8D05-49DA-AFCD-85AF2A73406B}.Debug|Any CPU.ActiveCfg = Debug|Any CPU
		{8D209FC0-8D05-49DA-AFCD-85AF2A73406B}.Debug|Any CPU.Build.0 = Debug|Any CPU
		{8D209FC0-8D05-49DA-AFCD-85AF2A73406B}.Release|Any CPU.ActiveCfg = Release|Any CPU
		{8D209FC0-8D05-49DA-AFCD-85AF2A73406B}.Release|Any CPU.Build.0 = Release|Any CPU
	EndGlobalSection
	GlobalSection(SolutionProperties) = preSolution
		HideSolutionNode = FALSE
	EndGlobalSection
	GlobalSection(ExtensibilityGlobals) = postSolution
		SolutionGuid = {0526CDAB-F919-4010-A3B9-2A7E0F1BE945}
	EndGlobalSection
	GlobalSection(MonoDevelopProperties) = preSolution
		Policies = $0
		$0.TextStylePolicy = $3
		$1.inheritsSet = null
		$1.scope = text/x-csharp
		$0.CSharpFormattingPolicy = $2
		$2.AfterDelegateDeclarationParameterComma = True
		$2.inheritsSet = Mono
		$2.inheritsScope = text/x-csharp
		$2.scope = text/x-csharp
		$3.FileWidth = 120
		$3.NoTabsAfterNonTabs = True
		$3.inheritsSet = VisualStudio
		$3.inheritsScope = text/plain
		$3.scope = text/plain
	EndGlobalSection
EndGlobal
