
Microsoft Visual Studio Solution File, Format Version 12.00
# Visual Studio 2012
Project("{FAE04EC0-301F-11D3-BF4B-00C04F79EFBC}") = "api-gatecoin-dotnet", "api-gatecoin-dotnet.csproj", "{09161B2C-37D0-402D-A34C-FCA2B1F132AF}"
EndProject
Global
	GlobalSection(SolutionConfigurationPlatforms) = preSolution
		Debug|Any CPU = Debug|Any CPU
		Release|Any CPU = Release|Any CPU
	EndGlobalSection
	GlobalSection(ProjectConfigurationPlatforms) = postSolution
		{09161B2C-37D0-402D-A34C-FCA2B1F132AF}.Debug|Any CPU.ActiveCfg = Debug|Any CPU
		{09161B2C-37D0-402D-A34C-FCA2B1F132AF}.Debug|Any CPU.Build.0 = Debug|Any CPU
		{09161B2C-37D0-402D-A34C-FCA2B1F132AF}.Release|Any CPU.ActiveCfg = Release|Any CPU
		{09161B2C-37D0-402D-A34C-FCA2B1F132AF}.Release|Any CPU.Build.0 = Release|Any CPU
	EndGlobalSection
EndGlobal
